<?xml version="1.0" encoding="utf-8"?>
<Project ToolsVersion="4.0" xmlns="http://schemas.microsoft.com/developer/msbuild/2003">
  <ItemGroup>
    <Filter Include="源文件">
      <UniqueIdentifier>{4FC737F1-C7A5-4376-A066-2A32D752A2FF}</UniqueIdentifier>
      <Extensions>cpp;c;cc;cxx;def;odl;idl;hpj;bat;asm;asmx</Extensions>
    </Filter>
    <Filter Include="头文件">
      <UniqueIdentifier>{93995380-89BD-4b04-88EB-625FBE52EBFB}</UniqueIdentifier>
      <Extensions>h;hh;hpp;hxx;hm;inl;inc;xsd</Extensions>
    </Filter>
    <Filter Include="资源文件">
      <UniqueIdentifier>{67DA6AB6-F800-4c08-8B7A-83BB121AAD01}</UniqueIdentifier>
      <Extensions>rc;ico;cur;bmp;dlg;rc2;rct;bin;rgs;gif;jpg;jpeg;jpe;resx;tiff;tif;png;wav;mfcribbon-ms</Extensions>
    </Filter>
    <Filter Include="message">
      <UniqueIdentifier>{e9c422e7-a598-46d0-8b52-43b17489ad9a}</UniqueIdentifier>
    </Filter>
    <Filter Include="tinyxml">
      <UniqueIdentifier>{eeb88c3d-9a51-485a-bd3f-8e8bd85d3b09}</UniqueIdentifier>
    </Filter>
  </ItemGroup>
  <ItemGroup>
    <ClCompile Include="main.cpp">
      <Filter>源文件</Filter>
    </ClCompile>
    <ClCompile Include="gameserver.cpp">
      <Filter>源文件</Filter>
    </ClCompile>
    <ClCompile Include="dbjob.cpp">
      <Filter>源文件</Filter>
    </ClCompile>
    <ClCompile Include="internalmsg.cpp">
      <Filter>源文件</Filter>
    </ClCompile>
    <ClCompile Include="internalmsgpool.cpp">
      <Filter>源文件</Filter>
    </ClCompile>
    <ClCompile Include="messagefactory.cpp">
      <Filter>源文件</Filter>
    </ClCompile>
    <ClCompile Include="loginmodule.cpp">
      <Filter>源文件</Filter>
    </ClCompile>
    <ClCompile Include="gameserverconfig.cpp">
      <Filter>源文件</Filter>
    </ClCompile>
    <ClCompile Include="tinyxml\tinyxml2.cpp">
      <Filter>tinyxml</Filter>
    </ClCompile>
    <ClCompile Include="locallogjob.cpp">
      <Filter>源文件</Filter>
    </ClCompile>
    <ClCompile Include="job.cpp">
      <Filter>源文件</Filter>
    </ClCompile>
    <ClCompile Include="loginjob.cpp">
      <Filter>源文件</Filter>
    </ClCompile>
    <ClCompile Include="objpool.cpp">
      <Filter>源文件</Filter>
    </ClCompile>
    <ClCompile Include="scenejob.cpp">
      <Filter>源文件</Filter>
    </ClCompile>
    <ClCompile Include="..\message\loginmessage.hxx.pb.cc">
      <Filter>message</Filter>
    </ClCompile>
    <ClCompile Include="..\message\message.hxx.pb.cc">
      <Filter>message</Filter>
    </ClCompile>
  </ItemGroup>
  <ItemGroup>
    <ClInclude Include="dbjob.h">
      <Filter>头文件</Filter>
    </ClInclude>
    <ClInclude Include="gameserver.h">
      <Filter>头文件</Filter>
    </ClInclude>
    <ClInclude Include="internalmsg.h">
      <Filter>头文件</Filter>
    </ClInclude>
    <ClInclude Include="internalmsgpool.h">
      <Filter>头文件</Filter>
    </ClInclude>
    <ClInclude Include="messagefactory.h">
      <Filter>头文件</Filter>
    </ClInclude>
    <ClInclude Include="loginmodule.h">
      <Filter>头文件</Filter>
    </ClInclude>
    <ClInclude Include="tinyxml\tinyxml2.h">
      <Filter>tinyxml</Filter>
    </ClInclude>
    <ClInclude Include="locallogjob.h">
      <Filter>头文件</Filter>
    </ClInclude>
    <ClInclude Include="taskmanager.h">
      <Filter>头文件</Filter>
    </ClInclude>
    <ClInclude Include="job.h">
      <Filter>头文件</Filter>
    </ClInclude>
    <ClInclude Include="gameserverconfig.h">
      <Filter>头文件</Filter>
    </ClInclude>
    <ClInclude Include="loginjob.h">
      <Filter>头文件</Filter>
    </ClInclude>
    <ClInclude Include="objpool.h">
      <Filter>头文件</Filter>
    </ClInclude>
    <ClInclude Include="obj.h">
      <Filter>头文件</Filter>
    </ClInclude>
    <ClInclude Include="objmanager.h">
      <Filter>头文件</Filter>
    </ClInclude>
    <ClInclude Include="scenejob.h">
      <Filter>头文件</Filter>
    </ClInclude>
    <ClInclude Include="..\message\loginmessage.hxx">
      <Filter>message</Filter>
    </ClInclude>
    <ClInclude Include="..\message\loginmessage.hxx.pb.h">
      <Filter>message</Filter>
    </ClInclude>
    <ClInclude Include="..\message\message.hxx">
      <Filter>message</Filter>
    </ClInclude>
    <ClInclude Include="..\message\message.hxx.pb.h">
      <Filter>message</Filter>
    </ClInclude>
  </ItemGroup>
</Project>