<?xml version="1.0" encoding="utf-8"?>
<Project ToolsVersion="4.0" xmlns="http://schemas.microsoft.com/developer/msbuild/2003">
  <ItemGroup>
    <Filter Include="源文件">
      <UniqueIdentifier>{4FC737F1-C7A5-4376-A066-2A32D752A2FF}</UniqueIdentifier>
      <Extensions>cpp;c;cc;cxx;def;odl;idl;hpj;bat;asm;asmx</Extensions>
    </Filter>
    <Filter Include="头文件">
      <UniqueIdentifier>{93995380-89BD-4b04-88EB-625FBE52EBFB}</UniqueIdentifier>
      <Extensions>h;hh;hpp;hxx;hm;inl;inc;xsd</Extensions>
    </Filter>
    <Filter Include="资源文件">
      <UniqueIdentifier>{67DA6AB6-F800-4c08-8B7A-83BB121AAD01}</UniqueIdentifier>
      <Extensions>rc;ico;cur;bmp;dlg;rc2;rct;bin;rgs;gif;jpg;jpeg;jpe;resx;tiff;tif;png;wav;mfcribbon-ms</Extensions>
    </Filter>
    <Filter Include="message">
      <UniqueIdentifier>{e9c422e7-a598-46d0-8b52-43b17489ad9a}</UniqueIdentifier>
    </Filter>
    <Filter Include="tinyxml">
      <UniqueIdentifier>{eeb88c3d-9a51-485a-bd3f-8e8bd85d3b09}</UniqueIdentifier>
    </Filter>
    <Filter Include="player">
      <UniqueIdentifier>{8597726a-0c56-4e25-b9b6-abba43cee0b4}</UniqueIdentifier>
    </Filter>
    <Filter Include="job">
      <UniqueIdentifier>{564dbfbd-321f-4404-a62a-91c7169534a1}</UniqueIdentifier>
    </Filter>
    <Filter Include="logicmodule">
      <UniqueIdentifier>{65c50def-7a02-40c9-8beb-a7b18f747864}</UniqueIdentifier>
    </Filter>
    <Filter Include="logicmodule\map">
      <UniqueIdentifier>{dc4536f8-14c3-481a-85f4-7e2fc950452a}</UniqueIdentifier>
    </Filter>
    <Filter Include="logicmodule\login">
      <UniqueIdentifier>{8d0c58c9-4875-4a95-aaef-0030a1d15acf}</UniqueIdentifier>
    </Filter>
    <Filter Include="logicmodule\task">
      <UniqueIdentifier>{718988ec-c0e0-48e8-9632-9cb3ac109847}</UniqueIdentifier>
    </Filter>
    <Filter Include="logicmodule\item">
      <UniqueIdentifier>{25611dfd-f5f9-45f9-ae17-d9078f3bc602}</UniqueIdentifier>
    </Filter>
    <Filter Include="logicmodule\chat">
      <UniqueIdentifier>{dd57df47-51bf-4ded-be4f-e027da08196a}</UniqueIdentifier>
    </Filter>
    <Filter Include="logicmodule\rank">
      <UniqueIdentifier>{5be5c953-bbc5-4e25-b055-5b17e08d8f90}</UniqueIdentifier>
    </Filter>
    <Filter Include="logicmodule\serveractivity">
      <UniqueIdentifier>{a564fa3b-dc1f-47ef-aef5-0f41c47f967c}</UniqueIdentifier>
    </Filter>
    <Filter Include="logicmodule\dailyactivity">
      <UniqueIdentifier>{80239438-02dc-4c0b-9c5f-395689205f1c}</UniqueIdentifier>
    </Filter>
    <Filter Include="logicmodule\instance">
      <UniqueIdentifier>{5afd0aab-e8c5-4fc4-82ee-8649c1660842}</UniqueIdentifier>
    </Filter>
    <Filter Include="logicmodule\property">
      <UniqueIdentifier>{115c8c1b-0b74-4ee2-a084-b0d3e75b5727}</UniqueIdentifier>
    </Filter>
    <Filter Include="logicmodule\skill">
      <UniqueIdentifier>{d5d427dd-c508-4109-9559-fa43b7acf616}</UniqueIdentifier>
    </Filter>
    <Filter Include="logicmodule\team">
      <UniqueIdentifier>{f5cb94b7-b1e1-4db6-8c1b-e376f2885cde}</UniqueIdentifier>
    </Filter>
    <Filter Include="logicmodule\plat">
      <UniqueIdentifier>{39c87912-47ee-4c10-98bd-a2ed9b56e292}</UniqueIdentifier>
    </Filter>
  </ItemGroup>
  <ItemGroup>
    <ClCompile Include="..\message\loginmessage.hxx.pb.cc">
      <Filter>message</Filter>
    </ClCompile>
    <ClCompile Include="..\message\message.hxx.pb.cc">
      <Filter>message</Filter>
    </ClCompile>
    <ClCompile Include="src\entity.cpp">
      <Filter>源文件</Filter>
    </ClCompile>
    <ClCompile Include="src\gameserver.cpp">
      <Filter>源文件</Filter>
    </ClCompile>
    <ClCompile Include="src\gameserverconfig.cpp">
      <Filter>源文件</Filter>
    </ClCompile>
    <ClCompile Include="src\internalmsg.cpp">
      <Filter>源文件</Filter>
    </ClCompile>
    <ClCompile Include="src\internalmsgpool.cpp">
      <Filter>源文件</Filter>
    </ClCompile>
    <ClCompile Include="src\main.cpp">
      <Filter>源文件</Filter>
    </ClCompile>
    <ClCompile Include="src\messagefactory.cpp">
      <Filter>源文件</Filter>
    </ClCompile>
    <ClCompile Include="src\objmanager.cpp">
      <Filter>源文件</Filter>
    </ClCompile>
    <ClCompile Include="src\objpool.cpp">
      <Filter>源文件</Filter>
    </ClCompile>
    <ClCompile Include="src\template.cpp">
      <Filter>源文件</Filter>
    </ClCompile>
    <ClCompile Include="src\entityplayer.cpp">
      <Filter>player</Filter>
    </ClCompile>
    <ClCompile Include="src\scenejob.cpp">
      <Filter>job</Filter>
    </ClCompile>
    <ClCompile Include="src\dbjob.cpp">
      <Filter>job</Filter>
    </ClCompile>
    <ClCompile Include="src\job.cpp">
      <Filter>job</Filter>
    </ClCompile>
    <ClCompile Include="src\locallogjob.cpp">
      <Filter>job</Filter>
    </ClCompile>
    <ClCompile Include="..\dep\tinyxml\tinyxml2.cpp">
      <Filter>tinyxml</Filter>
    </ClCompile>
    <ClCompile Include="src\propertyunit.cpp">
      <Filter>player</Filter>
    </ClCompile>
    <ClCompile Include="..\message\propertymodule.hxx.pb.cc">
      <Filter>message</Filter>
    </ClCompile>
    <ClCompile Include="..\message\itemmodule.hxx.pb.cc">
      <Filter>message</Filter>
    </ClCompile>
    <ClCompile Include="src\strutility.cpp">
      <Filter>头文件</Filter>
    </ClCompile>
    <ClCompile Include="src\mapconfigmanager.cpp">
      <Filter>logicmodule\map</Filter>
    </ClCompile>
    <ClCompile Include="src\mapmamager.cpp">
      <Filter>logicmodule\map</Filter>
    </ClCompile>
    <ClCompile Include="src\geometrytype.cpp">
      <Filter>源文件</Filter>
    </ClCompile>
    <ClCompile Include="..\message\mapmodule.hxx.pb.cc">
      <Filter>message</Filter>
    </ClCompile>
    <ClCompile Include="..\message\template.hxx.pb.cc">
      <Filter>message</Filter>
    </ClCompile>
    <ClCompile Include="src\loginmodule.cpp">
      <Filter>logicmodule\login</Filter>
    </ClCompile>
    <ClCompile Include="src\loginplayer.cpp">
      <Filter>logicmodule\login</Filter>
    </ClCompile>
    <ClCompile Include="src\dbmodule.cpp">
      <Filter>源文件</Filter>
    </ClCompile>
    <ClCompile Include="src\taskconfig.cpp">
      <Filter>logicmodule\task</Filter>
    </ClCompile>
    <ClCompile Include="..\message\taskmodule.hxx.pb.cc">
      <Filter>message</Filter>
    </ClCompile>
    <ClCompile Include="..\message\common.hxx.pb.cc">
      <Filter>message</Filter>
    </ClCompile>
    <ClCompile Include="..\message\dbmodule.hxx.pb.cc">
      <Filter>message</Filter>
    </ClCompile>
    <ClCompile Include="src\taskmodule.cpp">
      <Filter>logicmodule\task</Filter>
    </ClCompile>
    <ClCompile Include="src\taskunit.cpp">
      <Filter>logicmodule\task</Filter>
    </ClCompile>
    <ClCompile Include="src\itemunit.cpp">
      <Filter>logicmodule\item</Filter>
    </ClCompile>
    <ClCompile Include="src\itemcontainer.cpp">
      <Filter>logicmodule\item</Filter>
    </ClCompile>
    <ClCompile Include="src\itemobject.cpp">
      <Filter>logicmodule\item</Filter>
    </ClCompile>
    <ClCompile Include="src\equip.cpp">
      <Filter>logicmodule\item</Filter>
    </ClCompile>
    <ClCompile Include="src\skillmodule.cpp">
      <Filter>logicmodule\skill</Filter>
    </ClCompile>
    <ClCompile Include="src\chatmodule.cpp">
      <Filter>logicmodule\chat</Filter>
    </ClCompile>
    <ClCompile Include="src\rankmodule.cpp">
      <Filter>logicmodule\rank</Filter>
    </ClCompile>
    <ClCompile Include="src\skillunit.cpp">
      <Filter>logicmodule\skill</Filter>
    </ClCompile>
    <ClCompile Include="..\message\skillmodule.hxx.pb.cc">
      <Filter>message</Filter>
    </ClCompile>
    <ClCompile Include="..\message\chatmodule.hxx.pb.cc">
      <Filter>message</Filter>
    </ClCompile>
    <ClCompile Include="src\mapmodule.cpp">
      <Filter>logicmodule\map</Filter>
    </ClCompile>
    <ClCompile Include="src\serverutility.cpp">
      <Filter>源文件</Filter>
    </ClCompile>
    <ClCompile Include="src\serveractmodule.cpp">
      <Filter>logicmodule\serveractivity</Filter>
    </ClCompile>
    <ClCompile Include="src\dailyactmodule.cpp">
      <Filter>logicmodule\dailyactivity</Filter>
    </ClCompile>
    <ClCompile Include="src\dailyactivity.cpp">
      <Filter>logicmodule\dailyactivity</Filter>
    </ClCompile>
    <ClCompile Include="src\serveractivity.cpp">
      <Filter>logicmodule\serveractivity</Filter>
    </ClCompile>
    <ClCompile Include="src\serveractivityunit.cpp">
      <Filter>logicmodule\serveractivity</Filter>
    </ClCompile>
    <ClCompile Include="..\message\serveractmodule.hxx.pb.cc">
      <Filter>message</Filter>
    </ClCompile>
    <ClCompile Include="..\message\dailyactmodule.hxx.pb.cc">
      <Filter>message</Filter>
    </ClCompile>
    <ClCompile Include="..\message\rankmodule.hxx.pb.cc">
      <Filter>message</Filter>
    </ClCompile>
    <ClCompile Include="src\instancemodule.cpp">
      <Filter>logicmodule\instance</Filter>
    </ClCompile>
    <ClCompile Include="src\instance.cpp">
      <Filter>logicmodule\instance</Filter>
    </ClCompile>
    <ClCompile Include="src\propertymodule.cpp">
      <Filter>logicmodule\property</Filter>
    </ClCompile>
    <ClCompile Include="src\gmcommandmanager.cpp">
      <Filter>logicmodule\property</Filter>
    </ClCompile>
    <ClCompile Include="src\itemmodule.cpp">
      <Filter>logicmodule\item</Filter>
    </ClCompile>
    <ClCompile Include="src\mapregionsearch.cpp">
      <Filter>logicmodule\map</Filter>
    </ClCompile>
    <ClCompile Include="src\teammodule.cpp">
      <Filter>logicmodule\team</Filter>
    </ClCompile>
    <ClCompile Include="src\gtest.cpp">
      <Filter>源文件</Filter>
    </ClCompile>
    <ClCompile Include="src\curlhandle.cpp">
      <Filter>源文件</Filter>
    </ClCompile>
    <ClCompile Include="src\redis.cpp">
      <Filter>源文件</Filter>
    </ClCompile>
    <ClCompile Include="src\platjob.cpp">
      <Filter>job</Filter>
    </ClCompile>
    <ClCompile Include="src\platlog.cpp">
      <Filter>源文件</Filter>
    </ClCompile>
    <ClCompile Include="src\itemmoduletest.cpp">
      <Filter>logicmodule\item</Filter>
    </ClCompile>
    <ClCompile Include="src\mapmoduletest.cpp">
      <Filter>logicmodule\map</Filter>
    </ClCompile>
    <ClCompile Include="src\rankmoduletest.cpp">
      <Filter>logicmodule\rank</Filter>
    </ClCompile>
    <ClCompile Include="src\taskmoduletest.cpp">
      <Filter>logicmodule\task</Filter>
    </ClCompile>
    <ClCompile Include="src\entitytimer.cpp">
      <Filter>源文件</Filter>
    </ClCompile>
    <ClCompile Include="src\dirtyword.cpp">
      <Filter>源文件</Filter>
    </ClCompile>
    <ClCompile Include="src\perfmanager.cpp">
      <Filter>源文件</Filter>
    </ClCompile>
    <ClCompile Include="src\aistate.cpp">
      <Filter>源文件</Filter>
    </ClCompile>
    <ClCompile Include="src\aistrategy.cpp">
      <Filter>源文件</Filter>
    </ClCompile>
    <ClCompile Include="src\jobmanager.cpp">
      <Filter>job</Filter>
    </ClCompile>
    <ClCompile Include="src\vipunit.cpp">
      <Filter>player</Filter>
    </ClCompile>
    <ClCompile Include="src\timeunit.cpp">
      <Filter>player</Filter>
    </ClCompile>
    <ClCompile Include="src\GameLogicConfig.cpp">
      <Filter>源文件</Filter>
    </ClCompile>
    <ClCompile Include="src\shopconfig.cpp">
      <Filter>源文件</Filter>
    </ClCompile>
    <ClCompile Include="src\timemanager.cpp">
      <Filter>源文件</Filter>
    </ClCompile>
    <ClCompile Include="src\platmodule.cpp">
      <Filter>logicmodule\plat</Filter>
    </ClCompile>
    <ClCompile Include="src\platconfig.cpp">
      <Filter>logicmodule\plat</Filter>
    </ClCompile>
  </ItemGroup>
  <ItemGroup>
    <ClInclude Include="..\message\loginmessage.hxx">
      <Filter>message</Filter>
    </ClInclude>
    <ClInclude Include="..\message\loginmessage.hxx.pb.h">
      <Filter>message</Filter>
    </ClInclude>
    <ClInclude Include="..\message\message.hxx">
      <Filter>message</Filter>
    </ClInclude>
    <ClInclude Include="..\message\message.hxx.pb.h">
      <Filter>message</Filter>
    </ClInclude>
    <ClInclude Include="inc\entity.h">
      <Filter>头文件</Filter>
    </ClInclude>
    <ClInclude Include="inc\gameserver.h">
      <Filter>头文件</Filter>
    </ClInclude>
    <ClInclude Include="inc\gameserverconfig.h">
      <Filter>头文件</Filter>
    </ClInclude>
    <ClInclude Include="inc\internalmsg.h">
      <Filter>头文件</Filter>
    </ClInclude>
    <ClInclude Include="inc\internalmsgpool.h">
      <Filter>头文件</Filter>
    </ClInclude>
    <ClInclude Include="inc\messagefactory.h">
      <Filter>头文件</Filter>
    </ClInclude>
    <ClInclude Include="inc\obj.h">
      <Filter>头文件</Filter>
    </ClInclude>
    <ClInclude Include="inc\objmanager.h">
      <Filter>头文件</Filter>
    </ClInclude>
    <ClInclude Include="inc\objpool.h">
      <Filter>头文件</Filter>
    </ClInclude>
    <ClInclude Include="inc\logintype.h">
      <Filter>头文件</Filter>
    </ClInclude>
    <ClInclude Include="inc\template.h">
      <Filter>头文件</Filter>
    </ClInclude>
    <ClInclude Include="inc\objpoolimp.h">
      <Filter>头文件</Filter>
    </ClInclude>
    <ClInclude Include="inc\playersubunit.h">
      <Filter>头文件</Filter>
    </ClInclude>
    <ClInclude Include="inc\entityplayer.h">
      <Filter>player</Filter>
    </ClInclude>
    <ClInclude Include="inc\propertyunit.h">
      <Filter>player</Filter>
    </ClInclude>
    <ClInclude Include="inc\locallogjob.h">
      <Filter>job</Filter>
    </ClInclude>
    <ClInclude Include="inc\job.h">
      <Filter>job</Filter>
    </ClInclude>
    <ClInclude Include="inc\dbjob.h">
      <Filter>job</Filter>
    </ClInclude>
    <ClInclude Include="inc\scenejob.h">
      <Filter>job</Filter>
    </ClInclude>
    <ClInclude Include="..\dep\tinyxml\tinyxml2.h">
      <Filter>tinyxml</Filter>
    </ClInclude>
    <ClInclude Include="inc\logicmodule.h">
      <Filter>logicmodule</Filter>
    </ClInclude>
    <ClInclude Include="..\message\propertymodule.hxx">
      <Filter>message</Filter>
    </ClInclude>
    <ClInclude Include="..\message\propertymodule.hxx.pb.h">
      <Filter>message</Filter>
    </ClInclude>
    <ClInclude Include="..\message\itemmodule.hxx">
      <Filter>message</Filter>
    </ClInclude>
    <ClInclude Include="..\message\itemmodule.hxx.pb.h">
      <Filter>message</Filter>
    </ClInclude>
    <ClInclude Include="inc\errcode.h">
      <Filter>头文件</Filter>
    </ClInclude>
    <ClInclude Include="inc\strutility.h">
      <Filter>头文件</Filter>
    </ClInclude>
    <ClInclude Include="inc\mapmodule.h">
      <Filter>logicmodule\map</Filter>
    </ClInclude>
    <ClInclude Include="inc\mapconfigmanager.h">
      <Filter>logicmodule\map</Filter>
    </ClInclude>
    <ClInclude Include="inc\mapmamager.h">
      <Filter>logicmodule\map</Filter>
    </ClInclude>
    <ClInclude Include="inc\sharelist.h">
      <Filter>logicmodule\map</Filter>
    </ClInclude>
    <ClInclude Include="inc\maptype.h">
      <Filter>头文件</Filter>
    </ClInclude>
    <ClInclude Include="inc\entitytype.h">
      <Filter>头文件</Filter>
    </ClInclude>
    <ClInclude Include="inc\geometrytype.h">
      <Filter>头文件</Filter>
    </ClInclude>
    <ClInclude Include="..\message\mapmodule.hxx">
      <Filter>message</Filter>
    </ClInclude>
    <ClInclude Include="..\message\mapmodule.hxx.pb.h">
      <Filter>message</Filter>
    </ClInclude>
    <ClInclude Include="..\message\template.hxx">
      <Filter>message</Filter>
    </ClInclude>
    <ClInclude Include="..\message\template.hxx.pb.h">
      <Filter>message</Filter>
    </ClInclude>
    <ClInclude Include="inc\loginmodule.h">
      <Filter>logicmodule\login</Filter>
    </ClInclude>
    <ClInclude Include="inc\loginplayer.h">
      <Filter>logicmodule\login</Filter>
    </ClInclude>
    <ClInclude Include="inc\statemachine.h">
      <Filter>头文件</Filter>
    </ClInclude>
    <ClInclude Include="inc\dbmessage.h">
      <Filter>头文件</Filter>
    </ClInclude>
    <ClInclude Include="inc\dbmodule.h">
      <Filter>头文件</Filter>
    </ClInclude>
    <ClInclude Include="inc\taskconfig.h">
      <Filter>logicmodule\task</Filter>
    </ClInclude>
    <ClInclude Include="..\message\taskmodule.hxx">
      <Filter>message</Filter>
    </ClInclude>
    <ClInclude Include="..\message\taskmodule.hxx.pb.h">
      <Filter>message</Filter>
    </ClInclude>
    <ClInclude Include="..\message\common.hxx">
      <Filter>message</Filter>
    </ClInclude>
    <ClInclude Include="..\message\common.hxx.pb.h">
      <Filter>message</Filter>
    </ClInclude>
    <ClInclude Include="..\message\dbmodule.hxx">
      <Filter>message</Filter>
    </ClInclude>
    <ClInclude Include="..\message\dbmodule.hxx.pb.h">
      <Filter>message</Filter>
    </ClInclude>
    <ClInclude Include="inc\taskmodule.h">
      <Filter>logicmodule\task</Filter>
    </ClInclude>
    <ClInclude Include="inc\taskmanager.h">
      <Filter>头文件</Filter>
    </ClInclude>
    <ClInclude Include="inc\taskunit.h">
      <Filter>logicmodule\task</Filter>
    </ClInclude>
    <ClInclude Include="inc\itemunit.h">
      <Filter>logicmodule\item</Filter>
    </ClInclude>
    <ClInclude Include="inc\itemcontainer.h">
      <Filter>logicmodule\item</Filter>
    </ClInclude>
    <ClInclude Include="inc\itemlist.h">
      <Filter>logicmodule\item</Filter>
    </ClInclude>
    <ClInclude Include="inc\itemobject.h">
      <Filter>logicmodule\item</Filter>
    </ClInclude>
    <ClInclude Include="inc\itemtype.h">
      <Filter>logicmodule\item</Filter>
    </ClInclude>
    <ClInclude Include="inc\equip.h">
      <Filter>logicmodule\item</Filter>
    </ClInclude>
    <ClInclude Include="inc\tasktype.h">
      <Filter>logicmodule\task</Filter>
    </ClInclude>
    <ClInclude Include="inc\skillmodule.h">
      <Filter>logicmodule\skill</Filter>
    </ClInclude>
    <ClInclude Include="inc\chatmodule.h">
      <Filter>logicmodule\chat</Filter>
    </ClInclude>
    <ClInclude Include="inc\rankmodule.h">
      <Filter>logicmodule\rank</Filter>
    </ClInclude>
    <ClInclude Include="inc\skillunit.h">
      <Filter>logicmodule\skill</Filter>
    </ClInclude>
    <ClInclude Include="inc\skilltype.h">
      <Filter>logicmodule\task</Filter>
    </ClInclude>
    <ClInclude Include="..\message\skillmodule.hxx">
      <Filter>message</Filter>
    </ClInclude>
    <ClInclude Include="..\message\skillmodule.hxx.pb.h">
      <Filter>message</Filter>
    </ClInclude>
    <ClInclude Include="inc\servercommon.h">
      <Filter>头文件</Filter>
    </ClInclude>
    <ClInclude Include="inc\entitycreator.h">
      <Filter>头文件</Filter>
    </ClInclude>
    <ClInclude Include="..\message\chatmodule.hxx">
      <Filter>message</Filter>
    </ClInclude>
    <ClInclude Include="..\message\chatmodule.hxx.pb.h">
      <Filter>message</Filter>
    </ClInclude>
    <ClInclude Include="inc\serveractmodule.h">
      <Filter>logicmodule\serveractivity</Filter>
    </ClInclude>
    <ClInclude Include="inc\dailyactmodule.h">
      <Filter>logicmodule\dailyactivity</Filter>
    </ClInclude>
    <ClInclude Include="inc\dailyactivity.h">
      <Filter>logicmodule\dailyactivity</Filter>
    </ClInclude>
    <ClInclude Include="inc\serveractivity.h">
      <Filter>logicmodule\serveractivity</Filter>
    </ClInclude>
    <ClInclude Include="inc\serveractivitytype.h">
      <Filter>logicmodule\serveractivity</Filter>
    </ClInclude>
    <ClInclude Include="inc\serveractivityunit.h">
      <Filter>logicmodule\serveractivity</Filter>
    </ClInclude>
    <ClInclude Include="..\message\serveractmodule.hxx">
      <Filter>message</Filter>
    </ClInclude>
    <ClInclude Include="..\message\serveractmodule.hxx.pb.h">
      <Filter>message</Filter>
    </ClInclude>
    <ClInclude Include="inc\dailyactivitytype.h">
      <Filter>logicmodule\dailyactivity</Filter>
    </ClInclude>
    <ClInclude Include="..\message\dailyactmodule.hxx">
      <Filter>message</Filter>
    </ClInclude>
    <ClInclude Include="..\message\dailyactmodule.hxx.pb.h">
      <Filter>message</Filter>
    </ClInclude>
    <ClInclude Include="inc\sortedvector.h">
      <Filter>logicmodule\rank</Filter>
    </ClInclude>
    <ClInclude Include="inc\rank.h">
      <Filter>logicmodule\rank</Filter>
    </ClInclude>
    <ClInclude Include="inc\ranktype.h">
      <Filter>logicmodule\rank</Filter>
    </ClInclude>
    <ClInclude Include="..\message\rankmodule.hxx">
      <Filter>message</Filter>
    </ClInclude>
    <ClInclude Include="..\message\rankmodule.hxx.pb.h">
      <Filter>message</Filter>
    </ClInclude>
    <ClInclude Include="inc\instancemodule.h">
      <Filter>logicmodule\instance</Filter>
    </ClInclude>
    <ClInclude Include="inc\instance.h">
      <Filter>logicmodule\instance</Filter>
    </ClInclude>
    <ClInclude Include="inc\instancetype.h">
      <Filter>logicmodule\instance</Filter>
    </ClInclude>
    <ClInclude Include="inc\propertymodule.h">
      <Filter>logicmodule\property</Filter>
    </ClInclude>
    <ClInclude Include="inc\gmcommandmanager.h">
      <Filter>logicmodule\property</Filter>
    </ClInclude>
    <ClInclude Include="inc\itemmodule.h">
      <Filter>logicmodule\item</Filter>
    </ClInclude>
    <ClInclude Include="inc\mapregionsearch.h">
      <Filter>logicmodule\map</Filter>
    </ClInclude>
    <ClInclude Include="inc\teammodule.h">
      <Filter>logicmodule\team</Filter>
    </ClInclude>
    <ClInclude Include="inc\serverutility.h">
      <Filter>头文件</Filter>
    </ClInclude>
    <ClInclude Include="inc\curlhandle.h">
      <Filter>头文件</Filter>
    </ClInclude>
    <ClInclude Include="inc\redis.h">
      <Filter>头文件</Filter>
    </ClInclude>
    <ClInclude Include="inc\platjob.h">
      <Filter>job</Filter>
    </ClInclude>
    <ClInclude Include="inc\platlog.h">
      <Filter>源文件</Filter>
    </ClInclude>
    <ClInclude Include="inc\testtype.h">
      <Filter>头文件</Filter>
    </ClInclude>
    <ClInclude Include="inc\entitytimer.h">
      <Filter>头文件</Filter>
    </ClInclude>
    <ClInclude Include="inc\dirtyword.h">
      <Filter>头文件</Filter>
    </ClInclude>
    <ClInclude Include="inc\perfmanager.h">
      <Filter>头文件</Filter>
    </ClInclude>
    <ClInclude Include="inc\aistate.h">
      <Filter>头文件</Filter>
    </ClInclude>
    <ClInclude Include="inc\aistrategy.h">
      <Filter>头文件</Filter>
    </ClInclude>
    <ClInclude Include="inc\jobmanager.h">
      <Filter>job</Filter>
    </ClInclude>
    <ClInclude Include="inc\vipunit.h">
      <Filter>player</Filter>
    </ClInclude>
    <ClInclude Include="inc\timeunit.h">
      <Filter>player</Filter>
    </ClInclude>
    <ClInclude Include="inc\GameLogicConfig.h">
      <Filter>头文件</Filter>
    </ClInclude>
    <ClInclude Include="inc\shopconfig.h">
      <Filter>头文件</Filter>
    </ClInclude>
    <ClInclude Include="inc\timemanager.h">
      <Filter>头文件</Filter>
    </ClInclude>
    <ClInclude Include="inc\platmodule.h">
      <Filter>logicmodule\plat</Filter>
    </ClInclude>
    <ClInclude Include="inc\platconfig.h">
      <Filter>logicmodule\plat</Filter>
    </ClInclude>
  </ItemGroup>
  <ItemGroup>
    <None Include="inc\rank.inl">
      <Filter>logicmodule\rank</Filter>
    </None>
  </ItemGroup>
</Project>