<?xml version="1.0" encoding="utf-8"?>
<Project ToolsVersion="4.0" xmlns="http://schemas.microsoft.com/developer/msbuild/2003">
  <ItemGroup>
    <Filter Include="源文件">
      <UniqueIdentifier>{4FC737F1-C7A5-4376-A066-2A32D752A2FF}</UniqueIdentifier>
      <Extensions>cpp;c;cc;cxx;def;odl;idl;hpj;bat;asm;asmx</Extensions>
    </Filter>
    <Filter Include="头文件">
      <UniqueIdentifier>{93995380-89BD-4b04-88EB-625FBE52EBFB}</UniqueIdentifier>
      <Extensions>h;hh;hpp;hxx;hm;inl;inc;xsd</Extensions>
    </Filter>
    <Filter Include="资源文件">
      <UniqueIdentifier>{67DA6AB6-F800-4c08-8B7A-83BB121AAD01}</UniqueIdentifier>
      <Extensions>rc;ico;cur;bmp;dlg;rc2;rct;bin;rgs;gif;jpg;jpeg;jpe;resx;tiff;tif;png;wav;mfcribbon-ms</Extensions>
    </Filter>
    <Filter Include="tinyxml">
      <UniqueIdentifier>{7c2f2477-8d25-45b0-a5b1-1b8f685ee730}</UniqueIdentifier>
    </Filter>
    <Filter Include="GridCtrl">
      <UniqueIdentifier>{219bdb67-0d26-4970-8f24-fc162f090d81}</UniqueIdentifier>
    </Filter>
    <Filter Include="GridCtrlCell">
      <UniqueIdentifier>{0fec16c7-dac8-42bb-820e-63c1d24ea05e}</UniqueIdentifier>
    </Filter>
  </ItemGroup>
  <ItemGroup>
    <Text Include="ReadMe.txt" />
  </ItemGroup>
  <ItemGroup>
    <ClInclude Include="TaskEditor.h">
      <Filter>头文件</Filter>
    </ClInclude>
    <ClInclude Include="stdafx.h">
      <Filter>头文件</Filter>
    </ClInclude>
    <ClInclude Include="targetver.h">
      <Filter>头文件</Filter>
    </ClInclude>
    <ClInclude Include="MainFrm.h">
      <Filter>头文件</Filter>
    </ClInclude>
    <ClInclude Include="ChildFrm.h">
      <Filter>头文件</Filter>
    </ClInclude>
    <ClInclude Include="TaskEditorDoc.h">
      <Filter>头文件</Filter>
    </ClInclude>
    <ClInclude Include="TaskEditorView.h">
      <Filter>头文件</Filter>
    </ClInclude>
    <ClInclude Include="Resource.h">
      <Filter>头文件</Filter>
    </ClInclude>
    <ClInclude Include="FileView.h">
      <Filter>头文件</Filter>
    </ClInclude>
    <ClInclude Include="ClassView.h">
      <Filter>头文件</Filter>
    </ClInclude>
    <ClInclude Include="ViewTree.h">
      <Filter>头文件</Filter>
    </ClInclude>
    <ClInclude Include="OutputWnd.h">
      <Filter>头文件</Filter>
    </ClInclude>
    <ClInclude Include="PropertiesWnd.h">
      <Filter>头文件</Filter>
    </ClInclude>
    <ClInclude Include="..\..\..\dep\tinyxml\tinyxml2.h">
      <Filter>tinyxml</Filter>
    </ClInclude>
    <ClInclude Include="TaskTemplate.h">
      <Filter>头文件</Filter>
    </ClInclude>
    <ClInclude Include="GridCtrl_src\CellRange.h">
      <Filter>GridCtrl</Filter>
    </ClInclude>
    <ClInclude Include="GridCtrl_src\GridCell.h">
      <Filter>GridCtrl</Filter>
    </ClInclude>
    <ClInclude Include="GridCtrl_src\GridCellBase.h">
      <Filter>GridCtrl</Filter>
    </ClInclude>
    <ClInclude Include="GridCtrl_src\GridCtrl.h">
      <Filter>GridCtrl</Filter>
    </ClInclude>
    <ClInclude Include="GridCtrl_src\GridDropTarget.h">
      <Filter>GridCtrl</Filter>
    </ClInclude>
    <ClInclude Include="GridCtrl_src\InPlaceEdit.h">
      <Filter>GridCtrl</Filter>
    </ClInclude>
    <ClInclude Include="GridCtrl_src\MemDC.h">
      <Filter>GridCtrl</Filter>
    </ClInclude>
    <ClInclude Include="GridCtrl_src\TitleTip.h">
      <Filter>GridCtrl</Filter>
    </ClInclude>
    <ClInclude Include="NewCellTypes\GridCellCheck.h">
      <Filter>GridCtrlCell</Filter>
    </ClInclude>
    <ClInclude Include="NewCellTypes\GridCellCombo.h">
      <Filter>GridCtrlCell</Filter>
    </ClInclude>
    <ClInclude Include="NewCellTypes\GridCellDateTime.h">
      <Filter>GridCtrlCell</Filter>
    </ClInclude>
    <ClInclude Include="NewCellTypes\GridCellNumeric.h">
      <Filter>GridCtrlCell</Filter>
    </ClInclude>
    <ClInclude Include="NewCellTypes\GridURLCell.h">
      <Filter>GridCtrlCell</Filter>
    </ClInclude>
    <ClInclude Include="NewCellTypes\GridCellButton.h">
      <Filter>GridCtrlCell</Filter>
    </ClInclude>
    <ClInclude Include="commondefine.h">
      <Filter>头文件</Filter>
    </ClInclude>
    <ClInclude Include="NewCellTypes\GridPopCell.h">
      <Filter>GridCtrlCell</Filter>
    </ClInclude>
    <ClInclude Include="OptionView.h">
      <Filter>头文件</Filter>
    </ClInclude>
  </ItemGroup>
  <ItemGroup>
    <ClCompile Include="TaskEditor.cpp">
      <Filter>源文件</Filter>
    </ClCompile>
    <ClCompile Include="stdafx.cpp">
      <Filter>源文件</Filter>
    </ClCompile>
    <ClCompile Include="MainFrm.cpp">
      <Filter>源文件</Filter>
    </ClCompile>
    <ClCompile Include="ChildFrm.cpp">
      <Filter>源文件</Filter>
    </ClCompile>
    <ClCompile Include="TaskEditorDoc.cpp">
      <Filter>源文件</Filter>
    </ClCompile>
    <ClCompile Include="TaskEditorView.cpp">
      <Filter>源文件</Filter>
    </ClCompile>
    <ClCompile Include="FileView.cpp">
      <Filter>源文件</Filter>
    </ClCompile>
    <ClCompile Include="ClassView.cpp">
      <Filter>源文件</Filter>
    </ClCompile>
    <ClCompile Include="ViewTree.cpp">
      <Filter>源文件</Filter>
    </ClCompile>
    <ClCompile Include="OutputWnd.cpp">
      <Filter>源文件</Filter>
    </ClCompile>
    <ClCompile Include="PropertiesWnd.cpp">
      <Filter>源文件</Filter>
    </ClCompile>
    <ClCompile Include="..\..\..\dep\tinyxml\tinyxml2.cpp">
      <Filter>tinyxml</Filter>
    </ClCompile>
    <ClCompile Include="TaskTemplate.cpp">
      <Filter>源文件</Filter>
    </ClCompile>
    <ClCompile Include="GridCtrl_src\GridCell.cpp">
      <Filter>GridCtrl</Filter>
    </ClCompile>
    <ClCompile Include="GridCtrl_src\GridCellBase.cpp">
      <Filter>GridCtrl</Filter>
    </ClCompile>
    <ClCompile Include="GridCtrl_src\GridCtrl.cpp">
      <Filter>GridCtrl</Filter>
    </ClCompile>
    <ClCompile Include="GridCtrl_src\GridDropTarget.cpp">
      <Filter>GridCtrl</Filter>
    </ClCompile>
    <ClCompile Include="GridCtrl_src\InPlaceEdit.cpp">
      <Filter>GridCtrl</Filter>
    </ClCompile>
    <ClCompile Include="GridCtrl_src\TitleTip.cpp">
      <Filter>GridCtrl</Filter>
    </ClCompile>
    <ClCompile Include="NewCellTypes\GridCellCheck.cpp">
      <Filter>GridCtrlCell</Filter>
    </ClCompile>
    <ClCompile Include="NewCellTypes\GridCellCombo.cpp">
      <Filter>GridCtrlCell</Filter>
    </ClCompile>
    <ClCompile Include="NewCellTypes\GridCellDateTime.cpp">
      <Filter>GridCtrlCell</Filter>
    </ClCompile>
    <ClCompile Include="NewCellTypes\GridCellNumeric.cpp">
      <Filter>GridCtrlCell</Filter>
    </ClCompile>
    <ClCompile Include="NewCellTypes\GridURLCell.cpp">
      <Filter>GridCtrlCell</Filter>
    </ClCompile>
    <ClCompile Include="NewCellTypes\GridCellButton.cpp">
      <Filter>GridCtrlCell</Filter>
    </ClCompile>
    <ClCompile Include="commondefine.cpp">
      <Filter>源文件</Filter>
    </ClCompile>
    <ClCompile Include="NewCellTypes\GridPopCell.cpp">
      <Filter>GridCtrlCell</Filter>
    </ClCompile>
    <ClCompile Include="OptionView.cpp">
      <Filter>源文件</Filter>
    </ClCompile>
  </ItemGroup>
  <ItemGroup>
    <ResourceCompile Include="TaskEditor.rc">
      <Filter>资源文件</Filter>
    </ResourceCompile>
  </ItemGroup>
  <ItemGroup>
    <Image Include="res\file_view.ico">
      <Filter>资源文件</Filter>
    </Image>
    <Image Include="res\file_view_hc.ico">
      <Filter>资源文件</Filter>
    </Image>
    <Image Include="res\class_view.ico">
      <Filter>资源文件</Filter>
    </Image>
    <Image Include="res\class_view_hc.ico">
      <Filter>资源文件</Filter>
    </Image>
    <Image Include="res\fileview.bmp">
      <Filter>资源文件</Filter>
    </Image>
    <Image Include="res\fileview_hc.bmp">
      <Filter>资源文件</Filter>
    </Image>
    <Image Include="res\classview.bmp">
      <Filter>资源文件</Filter>
    </Image>
    <Image Include="res\classview_hc.bmp">
      <Filter>资源文件</Filter>
    </Image>
    <Image Include="res\explorer.bmp">
      <Filter>资源文件</Filter>
    </Image>
    <Image Include="res\explorer_hc.bmp">
      <Filter>资源文件</Filter>
    </Image>
    <Image Include="res\sort.bmp">
      <Filter>资源文件</Filter>
    </Image>
    <Image Include="res\sort_hc.bmp">
      <Filter>资源文件</Filter>
    </Image>
    <Image Include="res\menuimages.bmp">
      <Filter>资源文件</Filter>
    </Image>
    <Image Include="res\menuimages_hc.bmp">
      <Filter>资源文件</Filter>
    </Image>
    <Image Include="res\output_wnd.ico">
      <Filter>资源文件</Filter>
    </Image>
    <Image Include="res\output_wnd_hc.ico">
      <Filter>资源文件</Filter>
    </Image>
    <Image Include="res\properties_wnd.ico">
      <Filter>资源文件</Filter>
    </Image>
    <Image Include="res\properties_wnd_hc.ico">
      <Filter>资源文件</Filter>
    </Image>
    <Image Include="res\properties.bmp">
      <Filter>资源文件</Filter>
    </Image>
    <Image Include="res\properties_hc.bmp">
      <Filter>资源文件</Filter>
    </Image>
    <Image Include="UserImages.bmp">
      <Filter>资源文件</Filter>
    </Image>
    <Image Include="res\TaskEditorDoc.ico">
      <Filter>资源文件</Filter>
    </Image>
    <Image Include="res\TaskEditor.ico">
      <Filter>资源文件</Filter>
    </Image>
    <Image Include="res\Toolbar.bmp">
      <Filter>资源文件</Filter>
    </Image>
    <Image Include="res\Toolbar256.bmp">
      <Filter>资源文件</Filter>
    </Image>
  </ItemGroup>
  <ItemGroup>
    <None Include="res\TaskEditor.rc2">
      <Filter>资源文件</Filter>
    </None>
  </ItemGroup>
</Project>