<?xml version="1.0" encoding="utf-8"?>
<Project ToolsVersion="4.0" xmlns="http://schemas.microsoft.com/developer/msbuild/2003">
  <ItemGroup>
    <Filter Include="源文件">
      <UniqueIdentifier>{4FC737F1-C7A5-4376-A066-2A32D752A2FF}</UniqueIdentifier>
      <Extensions>cpp;c;cc;cxx;def;odl;idl;hpj;bat;asm;asmx</Extensions>
    </Filter>
    <Filter Include="头文件">
      <UniqueIdentifier>{93995380-89BD-4b04-88EB-625FBE52EBFB}</UniqueIdentifier>
      <Extensions>h;hpp;hxx;hm;inl;inc;xsd</Extensions>
    </Filter>
    <Filter Include="资源文件">
      <UniqueIdentifier>{67DA6AB6-F800-4c08-8B7A-83BB121AAD01}</UniqueIdentifier>
      <Extensions>rc;ico;cur;bmp;dlg;rc2;rct;bin;rgs;gif;jpg;jpeg;jpe;resx;tiff;tif;png;wav;mfcribbon-ms</Extensions>
    </Filter>
    <Filter Include="头文件\database">
      <UniqueIdentifier>{98ad36c0-75ab-4b3c-ac35-3ace97cd210c}</UniqueIdentifier>
    </Filter>
    <Filter Include="头文件\network">
      <UniqueIdentifier>{e433dfc1-843b-49d3-9ed9-bb7ba38b1558}</UniqueIdentifier>
    </Filter>
    <Filter Include="头文件\basecontainer">
      <UniqueIdentifier>{13d363aa-062e-4739-ac1e-430497c42d53}</UniqueIdentifier>
    </Filter>
    <Filter Include="头文件\thread">
      <UniqueIdentifier>{05b20607-dac7-40f9-9d39-230cf30b5fe3}</UniqueIdentifier>
    </Filter>
    <Filter Include="头文件\log">
      <UniqueIdentifier>{5a24c651-b6ee-4c30-9592-b5c4a234db08}</UniqueIdentifier>
    </Filter>
    <Filter Include="头文件\time">
      <UniqueIdentifier>{57cfe1f6-47e3-4bea-8d89-d02ef34d4da3}</UniqueIdentifier>
    </Filter>
    <Filter Include="头文件\memory">
      <UniqueIdentifier>{bc87aea6-0d91-4c49-918c-446f6d4ea0e1}</UniqueIdentifier>
    </Filter>
  </ItemGroup>
  <ItemGroup>
    <ClCompile Include="src\log.cpp">
      <Filter>源文件</Filter>
    </ClCompile>
    <ClCompile Include="src\logdisplayer.cpp">
      <Filter>源文件</Filter>
    </ClCompile>
    <ClCompile Include="src\logmanager.cpp">
      <Filter>源文件</Filter>
    </ClCompile>
    <ClCompile Include="src\fileutility.cpp">
      <Filter>源文件</Filter>
    </ClCompile>
    <ClCompile Include="src\timemanager.cpp">
      <Filter>源文件</Filter>
    </ClCompile>
    <ClCompile Include="src\performance.cpp">
      <Filter>源文件</Filter>
    </ClCompile>
    <ClCompile Include="src\i18n.cpp">
      <Filter>源文件</Filter>
    </ClCompile>
    <ClCompile Include="src\tcpsocket.cpp">
      <Filter>源文件</Filter>
    </ClCompile>
    <ClCompile Include="src\selectmodel.cpp">
      <Filter>源文件</Filter>
    </ClCompile>
    <ClCompile Include="src\epollmodel.cpp">
      <Filter>源文件</Filter>
    </ClCompile>
    <ClCompile Include="src\winthread.cpp">
      <Filter>源文件</Filter>
    </ClCompile>
    <ClCompile Include="src\threadpool.cpp">
      <Filter>源文件</Filter>
    </ClCompile>
    <ClCompile Include="src\simplelock.cpp">
      <Filter>源文件</Filter>
    </ClCompile>
    <ClCompile Include="src\linuxthread.cpp">
      <Filter>源文件</Filter>
    </ClCompile>
    <ClCompile Include="include\thread.h">
      <Filter>头文件\thread</Filter>
    </ClCompile>
    <ClCompile Include="src\mysqlqueryresult.cpp">
      <Filter>源文件</Filter>
    </ClCompile>
    <ClCompile Include="src\mysqldatabase.cpp">
      <Filter>源文件</Filter>
    </ClCompile>
    <ClCompile Include="src\sharememory.cpp">
      <Filter>源文件</Filter>
    </ClCompile>
    <ClCompile Include="src\socketstream.cpp">
      <Filter>源文件</Filter>
    </ClCompile>
    <ClCompile Include="src\bytestream.cpp">
      <Filter>源文件</Filter>
    </ClCompile>
  </ItemGroup>
  <ItemGroup>
    <ClInclude Include="include\commontype.h">
      <Filter>头文件</Filter>
    </ClInclude>
    <ClInclude Include="include\fileutility.h">
      <Filter>头文件</Filter>
    </ClInclude>
    <ClInclude Include="include\singleton.h">
      <Filter>头文件</Filter>
    </ClInclude>
    <ClInclude Include="include\i18n.h">
      <Filter>头文件</Filter>
    </ClInclude>
    <ClInclude Include="include\memory.h">
      <Filter>头文件</Filter>
    </ClInclude>
    <ClInclude Include="include\mysqldatabase.h">
      <Filter>头文件\database</Filter>
    </ClInclude>
    <ClInclude Include="include\mysqlfield.h">
      <Filter>头文件\database</Filter>
    </ClInclude>
    <ClInclude Include="include\mysqlqueryresult.h">
      <Filter>头文件\database</Filter>
    </ClInclude>
    <ClInclude Include="include\selectmodel.h">
      <Filter>头文件\network</Filter>
    </ClInclude>
    <ClInclude Include="include\epollmodel.h">
      <Filter>头文件\network</Filter>
    </ClInclude>
    <ClInclude Include="include\bit_set.h">
      <Filter>头文件\basecontainer</Filter>
    </ClInclude>
    <ClInclude Include="include\array.h">
      <Filter>头文件\basecontainer</Filter>
    </ClInclude>
    <ClInclude Include="include\linuxthread.h">
      <Filter>头文件\thread</Filter>
    </ClInclude>
    <ClInclude Include="include\tcpsocket.h">
      <Filter>头文件\network</Filter>
    </ClInclude>
    <ClInclude Include="include\threadpool.h">
      <Filter>头文件\thread</Filter>
    </ClInclude>
    <ClInclude Include="include\winthread.h">
      <Filter>头文件\thread</Filter>
    </ClInclude>
    <ClInclude Include="include\logdisplayer.h">
      <Filter>头文件\log</Filter>
    </ClInclude>
    <ClInclude Include="include\logmanager.h">
      <Filter>头文件\log</Filter>
    </ClInclude>
    <ClInclude Include="include\log.h">
      <Filter>头文件\log</Filter>
    </ClInclude>
    <ClInclude Include="include\timemanager.h">
      <Filter>头文件\time</Filter>
    </ClInclude>
    <ClInclude Include="include\performance.h">
      <Filter>头文件\time</Filter>
    </ClInclude>
    <ClInclude Include="include\simplelock.h">
      <Filter>头文件\thread</Filter>
    </ClInclude>
    <ClInclude Include="include\macrodefine.h">
      <Filter>头文件</Filter>
    </ClInclude>
    <ClInclude Include="include\blockmemory.h">
      <Filter>头文件\memory</Filter>
    </ClInclude>
    <ClInclude Include="include\sharememory.h">
      <Filter>头文件\memory</Filter>
    </ClInclude>
    <ClInclude Include="include\socketstream.h">
      <Filter>头文件\memory</Filter>
    </ClInclude>
    <ClInclude Include="include\fixblockmemory.h">
      <Filter>头文件\memory</Filter>
    </ClInclude>
    <ClInclude Include="include\bytestream.h">
      <Filter>头文件</Filter>
    </ClInclude>
  </ItemGroup>
  <ItemGroup>
    <None Include="include\bit_set.inl">
      <Filter>头文件\basecontainer</Filter>
    </None>
  </ItemGroup>
</Project>